{
  "name": "ada_trabajos_ts",
  "version": "1.0.0",
  "lockfileVersion": 3,
  "requires": true,
  "packages": {
    "": {
      "name": "ada_trabajos_ts",
      "version": "1.0.0",
      "license": "ISC",
      "dependencies": {
        "ada_trabajos_ts": "file:"
      }
    },
    "node_modules/ada_trabajos_ts": {
      "resolved": "",
      "link": true
    }
  }
}
